
Microsoft Visual Studio Solution File, Format Version 12.00
# Visual Studio 15
VisualStudioVersion = 15.0.27130.2027
MinimumVisualStudioVersion = 10.0.40219.1
Project("{FAE04EC0-301F-11D3-BF4B-00C04F79EFBC}") = "BuildingMonitor", "BuildingMonitor\BuildingMonitor.csproj", "{37BBA74B-6632-4DA7-9480-C2C07FDF7D27}"
EndProject
Project("{FAE04EC0-301F-11D3-BF4B-00C04F79EFBC}") = "BuildingMonitor.Tests", "BuildingMonitor.Tests\BuildingMonitor.Tests.csproj", "{723E9293-5121-41DD-A42A-7DFFC9034FB6}"
EndProject
Global
	GlobalSection(SolutionConfigurationPlatforms) = preSolution
		Debug|Any CPU = Debug|Any CPU
		Release|Any CPU = Release|Any CPU
	EndGlobalSection
	GlobalSection(ProjectConfigurationPlatforms) = postSolution
		{37BBA74B-6632-4DA7-9480-C2C07FDF7D27}.Debug|Any CPU.ActiveCfg = Debug|Any CPU
		{37BBA74B-6632-4DA7-9480-C2C07FDF7D27}.Debug|Any CPU.Build.0 = Debug|Any CPU
		{37BBA74B-6632-4DA7-9480-C2C07FDF7D27}.Release|Any CPU.ActiveCfg = Release|Any CPU
		{37BBA74B-6632-4DA7-9480-C2C07FDF7D27}.Release|Any CPU.Build.0 = Release|Any CPU
		{723E9293-5121-41DD-A42A-7DFFC9034FB6}.Debug|Any CPU.ActiveCfg = Debug|Any CPU
		{723E9293-5121-41DD-A42A-7DFFC9034FB6}.Debug|Any CPU.Build.0 = Debug|Any CPU
		{723E9293-5121-41DD-A42A-7DFFC9034FB6}.Release|Any CPU.ActiveCfg = Release|Any CPU
		{723E9293-5121-41DD-A42A-7DFFC9034FB6}.Release|Any CPU.Build.0 = Release|Any CPU
	EndGlobalSection
	GlobalSection(SolutionProperties) = preSolution
		HideSolutionNode = FALSE
	EndGlobalSection
	GlobalSection(ExtensibilityGlobals) = postSolution
		SolutionGuid = {7CDC6C1C-5194-4156-8317-364E6DFB9894}
	EndGlobalSection
EndGlobal
